
Microsoft Visual Studio Solution File, Format Version 12.00
# Visual Studio 15
VisualStudioVersion = 15.0.27004.2010
MinimumVisualStudioVersion = 10.0.40219.1
Project("{FAE04EC0-301F-11D3-BF4B-00C04F79EFBC}") = "CodingChallengeV2Client", "CodingChallengeV2Client.csproj", "{E3522B1D-B398-48B0-A09F-AA05ED6C7DAA}"
EndProject
Global
	GlobalSection(SolutionConfigurationPlatforms) = preSolution
		Debug|Any CPU = Debug|Any CPU
		Release|Any CPU = Release|Any CPU
	EndGlobalSection
	GlobalSection(ProjectConfigurationPlatforms) = postSolution
		{E3522B1D-B398-48B0-A09F-AA05ED6C7DAA}.Debug|Any CPU.ActiveCfg = Debug|Any CPU
		{E3522B1D-B398-48B0-A09F-AA05ED6C7DAA}.Debug|Any CPU.Build.0 = Debug|Any CPU
		{E3522B1D-B398-48B0-A09F-AA05ED6C7DAA}.Release|Any CPU.ActiveCfg = Release|Any CPU
		{E3522B1D-B398-48B0-A09F-AA05ED6C7DAA}.Release|Any CPU.Build.0 = Release|Any CPU
	EndGlobalSection
	GlobalSection(SolutionProperties) = preSolution
		HideSolutionNode = FALSE
	EndGlobalSection
	GlobalSection(ExtensibilityGlobals) = postSolution
		SolutionGuid = {27EE3EFF-13DD-4643-92EA-1CA117BE5A68}
	EndGlobalSection
EndGlobal
